
Microsoft Visual Studio Solution File, Format Version 12.00
# Visual Studio Version 16
VisualStudioVersion = 16.0.29409.12
MinimumVisualStudioVersion = 10.0.40219.1
Project("{2150E333-8FDC-42A3-9474-1A3956D46DE8}") = "Web Examples", "Web Examples", "{47D551BB-CFCE-41AF-A16F-D9BD3F2A5C84}"
EndProject
Project("{FAE04EC0-301F-11D3-BF4B-00C04F79EFBC}") = "Tesseract.WebDemo", "Tesseract.WebDemo\Tesseract.WebDemo.csproj", "{7650CFED-6660-4354-9D78-1C54CDF12542}"
EndProject
Project("{2150E333-8FDC-42A3-9474-1A3956D46DE8}") = "Console Examples", "Console Examples", "{2FB55EBD-958B-43D2-98F6-B47194CA3B82}"
EndProject
Project("{FAE04EC0-301F-11D3-BF4B-00C04F79EFBC}") = "Tesseract.ConsoleDemo", "Tesseract.ConsoleDemo\Tesseract.ConsoleDemo.csproj", "{C80B0825-6BB7-488E-BC43-DEE726935940}"
EndProject
Global
	GlobalSection(SolutionConfigurationPlatforms) = preSolution
		Debug|Any CPU = Debug|Any CPU
		Release|Any CPU = Release|Any CPU
	EndGlobalSection
	GlobalSection(ProjectConfigurationPlatforms) = postSolution
		{7650CFED-6660-4354-9D78-1C54CDF12542}.Debug|Any CPU.ActiveCfg = Debug|Any CPU
		{7650CFED-6660-4354-9D78-1C54CDF12542}.Debug|Any CPU.Build.0 = Debug|Any CPU
		{7650CFED-6660-4354-9D78-1C54CDF12542}.Release|Any CPU.ActiveCfg = Release|Any CPU
		{7650CFED-6660-4354-9D78-1C54CDF12542}.Release|Any CPU.Build.0 = Release|Any CPU
		{C80B0825-6BB7-488E-BC43-DEE726935940}.Debug|Any CPU.ActiveCfg = Debug|Any CPU
		{C80B0825-6BB7-488E-BC43-DEE726935940}.Debug|Any CPU.Build.0 = Debug|Any CPU
		{C80B0825-6BB7-488E-BC43-DEE726935940}.Release|Any CPU.ActiveCfg = Release|Any CPU
		{C80B0825-6BB7-488E-BC43-DEE726935940}.Release|Any CPU.Build.0 = Release|Any CPU
	EndGlobalSection
	GlobalSection(SolutionProperties) = preSolution
		HideSolutionNode = FALSE
	EndGlobalSection
	GlobalSection(NestedProjects) = preSolution
		{7650CFED-6660-4354-9D78-1C54CDF12542} = {47D551BB-CFCE-41AF-A16F-D9BD3F2A5C84}
		{C80B0825-6BB7-488E-BC43-DEE726935940} = {2FB55EBD-958B-43D2-98F6-B47194CA3B82}
	EndGlobalSection
	GlobalSection(ExtensibilityGlobals) = postSolution
		SolutionGuid = {AC20CDDA-008E-400B-9538-2E8595127E3B}
	EndGlobalSection
EndGlobal
